{
  "name": "cg_music",
  "version": "1.0.0",
  "lockfileVersion": 1,
  "requires": true,
  "dependencies": {
    "@babel/runtime": {
      "version": "7.1.5",
      "resolved": "https://registry.npmjs.org/@babel/runtime/-/runtime-7.1.5.tgz",
      "integrity": "sha512-xKnPpXG/pvK1B90JkwwxSGii90rQGKtzcMt2gI5G6+M0REXaq6rOHsGC2ay6/d0Uje7zzvSzjEzfR3ENhFlrfA==",
      "requires": {
        "regenerator-runtime": "^0.12.0"
      }
    },
    "@types/estree": {
      "version": "0.0.39",
      "resolved": "https://registry.npmjs.org/@types/estree/-/estree-0.0.39.tgz",
      "integrity": "sha512-EYNwp3bU+98cpU4lAWYYL7Zz+2gryWH1qbdDTidVd6hkiR6weksdbMadyXKXNPEkQFhXM+hVO9ZygomHXp+AIw=="
    },
    "@types/node": {
      "version": "10.12.10",
      "resolved": "https://registry.npmjs.org/@types/node/-/node-10.12.10.tgz",
      "integrity": "sha512-8xZEYckCbUVgK8Eg7lf5Iy4COKJ5uXlnIOnePN0WUwSQggy9tolM+tDJf7wMOnT/JT/W9xDYIaYggt3mRV2O5w=="
    },
    "arr-diff": {
      "version": "2.0.0",
      "resolved": "https://registry.npmjs.org/arr-diff/-/arr-diff-2.0.0.tgz",
      "integrity": "sha1-jzuCf5Vai9ZpaX5KQlasPOrjVs8=",
      "requires": {
        "arr-flatten": "^1.0.1"
      }
    },
    "arr-flatten": {
      "version": "1.1.0",
      "resolved": "https://registry.npmjs.org/arr-flatten/-/arr-flatten-1.1.0.tgz",
      "integrity": "sha512-L3hKV5R/p5o81R7O02IGnwpDmkp6E982XhtbuwSe3O4qOtMMMtodicASA1Cny2U+aCXcNpml+m4dPsvsJ3jatg=="
    },
    "array-unique": {
      "version": "0.2.1",
      "resolved": "https://registry.npmjs.org/array-unique/-/array-unique-0.2.1.tgz",
      "integrity": "sha1-odl8yvy8JiXMcPrc6zalDFiwGlM="
    },
    "async-array-buffer": {
      "version": "3.0.6",
      "resolved": "https://registry.npmjs.org/async-array-buffer/-/async-array-buffer-3.0.6.tgz",
      "integrity": "sha512-4MN+72fQH7xbbTX3uMMNIDSg6HerWVdbwSAqbPZo7JSqhIeQQ/NIANt4MKBA5Ta/+KTe3SZrbTVGHbpTb9zHoQ==",
      "requires": {
        "@babel/runtime": "^7.1.5",
        "async-array-buffer-broker": "^3.0.4",
        "async-array-buffer-worker": "^5.0.4",
        "tslib": "^1.9.3"
      }
    },
    "async-array-buffer-broker": {
      "version": "3.0.4",
      "resolved": "https://registry.npmjs.org/async-array-buffer-broker/-/async-array-buffer-broker-3.0.4.tgz",
      "integrity": "sha512-myFtPgiJF3WV5qRzWF+ZeZkHQftee5clvTQCeKL6Xpz2abF7YDOuDxfIO0+c/miO2HkpfnkOJWW5lS7fX+z6kQ==",
      "requires": {
        "@babel/runtime": "^7.1.5",
        "async-array-buffer-worker": "^5.0.4",
        "broker-factory": "^2.0.4",
        "tslib": "^1.9.3"
      }
    },
    "async-array-buffer-worker": {
      "version": "5.0.4",
      "resolved": "https://registry.npmjs.org/async-array-buffer-worker/-/async-array-buffer-worker-5.0.4.tgz",
      "integrity": "sha512-jCxWL6vOftVmVU6aGnBnRaZLWsL4uHGb8NVkRZcfZg0HTDsZTbBgBAnxVOUy43uh/IGRD13L9KyzsY4Lql+jPg==",
      "requires": {
        "@babel/runtime": "^7.1.5",
        "tslib": "^1.9.3",
        "worker-factory": "^4.1.3"
      }
    },
    "braces": {
      "version": "1.8.5",
      "resolved": "https://registry.npmjs.org/braces/-/braces-1.8.5.tgz",
      "integrity": "sha1-uneWLhLf+WnWt2cR6RS3N4V79qc=",
      "requires": {
        "expand-range": "^1.8.1",
        "preserve": "^0.2.0",
        "repeat-element": "^1.1.2"
      }
    },
    "broker-factory": {
      "version": "2.0.4",
      "resolved": "https://registry.npmjs.org/broker-factory/-/broker-factory-2.0.4.tgz",
      "integrity": "sha512-4vcN7Hw1ntf8e1HqYwvhcjOThlycl19erPq6o38i46f/rvmja/FKcSenUOcNDHH5gS1AX2pTmGt+PA22tAQFRw==",
      "requires": {
        "@babel/runtime": "^7.1.5",
        "fast-unique-numbers": "^3.0.1",
        "tslib": "^1.9.3",
        "worker-factory": "^4.1.3"
      }
    },
    "builtin-modules": {
      "version": "2.0.0",
      "resolved": "https://registry.npmjs.org/builtin-modules/-/builtin-modules-2.0.0.tgz",
      "integrity": "sha512-3U5kUA5VPsRUA3nofm/BXX7GVHKfxz0hOBAPxXrIvHzlDRkQVqEn6yi8QJegxl4LzOHLdvb7XF5dVawa/VVYBg=="
    },
    "compilerr": {
      "version": "6.0.3",
      "resolved": "https://registry.npmjs.org/compilerr/-/compilerr-6.0.3.tgz",
      "integrity": "sha512-3cxBlHjFqnb8+3iJjOnm6/jlsnnU+cahIvz8QVfkcm9CKQwKsmkCyJKtmznLCqX/lF4RZTGjqu3QCNLTY2vUDQ==",
      "requires": {
        "@babel/runtime": "^7.1.5",
        "dashify": "^2.0.0",
        "indefinite-article": "0.0.2",
        "tslib": "^1.9.3"
      }
    },
    "dashify": {
      "version": "2.0.0",
      "resolved": "https://registry.npmjs.org/dashify/-/dashify-2.0.0.tgz",
      "integrity": "sha512-hpA5C/YrPjucXypHPPc0oJ1l9Hf6wWbiOL7Ik42cxnsUOhWiCB/fylKbKqqJalW9FgkNQCw16YO8uW9Hs0Iy1A=="
    },
    "estree-walker": {
      "version": "0.5.2",
      "resolved": "https://registry.npmjs.org/estree-walker/-/estree-walker-0.5.2.tgz",
      "integrity": "sha512-XpCnW/AE10ws/kDAs37cngSkvgIR8aN3G0MS85m7dUpuK2EREo9VJ00uvw6Dg/hXEpfsE1I1TvJOJr+Z+TL+ig=="
    },
    "expand-brackets": {
      "version": "0.1.5",
      "resolved": "https://registry.npmjs.org/expand-brackets/-/expand-brackets-0.1.5.tgz",
      "integrity": "sha1-3wcoTjQqgHzXM6xa9yQR5YHRF3s=",
      "requires": {
        "is-posix-bracket": "^0.1.0"
      }
    },
    "expand-range": {
      "version": "1.8.2",
      "resolved": "https://registry.npmjs.org/expand-range/-/expand-range-1.8.2.tgz",
      "integrity": "sha1-opnv/TNf4nIeuujiV+x5ZE/IUzc=",
      "requires": {
        "fill-range": "^2.1.0"
      }
    },
    "extglob": {
      "version": "0.3.2",
      "resolved": "https://registry.npmjs.org/extglob/-/extglob-0.3.2.tgz",
      "integrity": "sha1-Lhj/PS9JqydlzskCPwEdqo2DSaE=",
      "requires": {
        "is-extglob": "^1.0.0"
      }
    },
    "fast-unique-numbers": {
      "version": "3.0.1",
      "resolved": "https://registry.npmjs.org/fast-unique-numbers/-/fast-unique-numbers-3.0.1.tgz",
      "integrity": "sha512-hUF+JXk6wKfnEvAleVkIuNJ/BvpiJ2GkyneYy6/1BsYdFNeIMjZKePm5K46EPg0IA1ArSJ4ZnadOtNDXOU8MhQ==",
      "requires": {
        "@babel/runtime": "^7.1.5",
        "tslib": "^1.9.3"
      }
    },
    "filename-regex": {
      "version": "2.0.1",
      "resolved": "https://registry.npmjs.org/filename-regex/-/filename-regex-2.0.1.tgz",
      "integrity": "sha1-wcS5vuPglyXdsQa3XB4wH+LxiyY="
    },
    "fill-range": {
      "version": "2.2.4",
      "resolved": "https://registry.npmjs.org/fill-range/-/fill-range-2.2.4.tgz",
      "integrity": "sha512-cnrcCbj01+j2gTG921VZPnHbjmdAf8oQV/iGeV2kZxGSyfYjjTyY79ErsK1WJWMpw6DaApEX72binqJE+/d+5Q==",
      "requires": {
        "is-number": "^2.1.0",
        "isobject": "^2.0.0",
        "randomatic": "^3.0.0",
        "repeat-element": "^1.1.2",
        "repeat-string": "^1.5.2"
      }
    },
    "for-in": {
      "version": "1.0.2",
      "resolved": "https://registry.npmjs.org/for-in/-/for-in-1.0.2.tgz",
      "integrity": "sha1-gQaNKVqBQuwKxybG4iAMMPttXoA="
    },
    "for-own": {
      "version": "0.1.5",
      "resolved": "https://registry.npmjs.org/for-own/-/for-own-0.1.5.tgz",
      "integrity": "sha1-UmXGgaTylNq78XyVCbZ2OqhFEM4=",
      "requires": {
        "for-in": "^1.0.1"
      }
    },
    "glob-base": {
      "version": "0.3.0",
      "resolved": "https://registry.npmjs.org/glob-base/-/glob-base-0.3.0.tgz",
      "integrity": "sha1-27Fk9iIbHAscz4Kuoyi0l98Oo8Q=",
      "requires": {
        "glob-parent": "^2.0.0",
        "is-glob": "^2.0.0"
      }
    },
    "glob-parent": {
      "version": "2.0.0",
      "resolved": "https://registry.npmjs.org/glob-parent/-/glob-parent-2.0.0.tgz",
      "integrity": "sha1-gTg9ctsFT8zPUzbaqQLxgvbtuyg=",
      "requires": {
        "is-glob": "^2.0.0"
      }
    },
    "indefinite-article": {
      "version": "0.0.2",
      "resolved": "https://registry.npmjs.org/indefinite-article/-/indefinite-article-0.0.2.tgz",
      "integrity": "sha1-S8hVJXBmz6th6mi+unXRANbiUGs="
    },
    "is-buffer": {
      "version": "1.1.6",
      "resolved": "https://registry.npmjs.org/is-buffer/-/is-buffer-1.1.6.tgz",
      "integrity": "sha512-NcdALwpXkTm5Zvvbk7owOUSvVvBKDgKP5/ewfXEznmQFfs4ZRmanOeKBTjRVjka3QFoN6XJ+9F3USqfHqTaU5w=="
    },
    "is-dotfile": {
      "version": "1.0.3",
      "resolved": "https://registry.npmjs.org/is-dotfile/-/is-dotfile-1.0.3.tgz",
      "integrity": "sha1-pqLzL/0t+wT1yiXs0Pa4PPeYoeE="
    },
    "is-equal-shallow": {
      "version": "0.1.3",
      "resolved": "https://registry.npmjs.org/is-equal-shallow/-/is-equal-shallow-0.1.3.tgz",
      "integrity": "sha1-IjgJj8Ih3gvPpdnqxMRdY4qhxTQ=",
      "requires": {
        "is-primitive": "^2.0.0"
      }
    },
    "is-extendable": {
      "version": "0.1.1",
      "resolved": "https://registry.npmjs.org/is-extendable/-/is-extendable-0.1.1.tgz",
      "integrity": "sha1-YrEQ4omkcUGOPsNqYX1HLjAd/Ik="
    },
    "is-extglob": {
      "version": "1.0.0",
      "resolved": "https://registry.npmjs.org/is-extglob/-/is-extglob-1.0.0.tgz",
      "integrity": "sha1-rEaBd8SUNAWgkvyPKXYMb/xiBsA="
    },
    "is-glob": {
      "version": "2.0.1",
      "resolved": "https://registry.npmjs.org/is-glob/-/is-glob-2.0.1.tgz",
      "integrity": "sha1-0Jb5JqPe1WAPP9/ZEZjLCIjC2GM=",
      "requires": {
        "is-extglob": "^1.0.0"
      }
    },
    "is-module": {
      "version": "1.0.0",
      "resolved": "https://registry.npmjs.org/is-module/-/is-module-1.0.0.tgz",
      "integrity": "sha1-Mlj7afeMFNW4FdZkM2tM/7ZEFZE="
    },
    "is-number": {
      "version": "2.1.0",
      "resolved": "https://registry.npmjs.org/is-number/-/is-number-2.1.0.tgz",
      "integrity": "sha1-Afy7s5NGOlSPL0ZszhbezknbkI8=",
      "requires": {
        "kind-of": "^3.0.2"
      }
    },
    "is-posix-bracket": {
      "version": "0.1.1",
      "resolved": "https://registry.npmjs.org/is-posix-bracket/-/is-posix-bracket-0.1.1.tgz",
      "integrity": "sha1-MzTceXdDaOkvAW5vvAqI9c1ua8Q="
    },
    "is-primitive": {
      "version": "2.0.0",
      "resolved": "https://registry.npmjs.org/is-primitive/-/is-primitive-2.0.0.tgz",
      "integrity": "sha1-IHurkWOEmcB7Kt8kCkGochADRXU="
    },
    "isarray": {
      "version": "1.0.0",
      "resolved": "https://registry.npmjs.org/isarray/-/isarray-1.0.0.tgz",
      "integrity": "sha1-u5NdSFgsuhaMBoNJV6VKPgcSTxE="
    },
    "isobject": {
      "version": "2.1.0",
      "resolved": "https://registry.npmjs.org/isobject/-/isobject-2.1.0.tgz",
      "integrity": "sha1-8GVWEJaj8dou9GJy+BXIQNh+DIk=",
      "requires": {
        "isarray": "1.0.0"
      }
    },
    "kind-of": {
      "version": "3.2.2",
      "resolved": "https://registry.npmjs.org/kind-of/-/kind-of-3.2.2.tgz",
      "integrity": "sha1-MeohpzS6ubuw8yRm2JOupR5KPGQ=",
      "requires": {
        "is-buffer": "^1.1.5"
      }
    },
    "magic-string": {
      "version": "0.25.1",
      "resolved": "https://registry.npmjs.org/magic-string/-/magic-string-0.25.1.tgz",
      "integrity": "sha512-sCuTz6pYom8Rlt4ISPFn6wuFodbKMIHUMv4Qko9P17dpxb7s52KJTmRuZZqHdGmLCK9AOcDare039nRIcfdkEg==",
      "requires": {
        "sourcemap-codec": "^1.4.1"
      }
    },
    "math-random": {
      "version": "1.0.1",
      "resolved": "https://registry.npmjs.org/math-random/-/math-random-1.0.1.tgz",
      "integrity": "sha1-izqsWIuKZuSXXjzepn97sylgH6w="
    },
    "micromatch": {
      "version": "2.3.11",
      "resolved": "https://registry.npmjs.org/micromatch/-/micromatch-2.3.11.tgz",
      "integrity": "sha1-hmd8l9FyCzY0MdBNDRUpO9OMFWU=",
      "requires": {
        "arr-diff": "^2.0.0",
        "array-unique": "^0.2.1",
        "braces": "^1.8.2",
        "expand-brackets": "^0.1.4",
        "extglob": "^0.3.1",
        "filename-regex": "^2.0.0",
        "is-extglob": "^1.0.0",
        "is-glob": "^2.0.1",
        "kind-of": "^3.0.2",
        "normalize-path": "^2.0.1",
        "object.omit": "^2.0.0",
        "parse-glob": "^3.0.4",
        "regex-cache": "^0.4.2"
      }
    },
    "normalize-path": {
      "version": "2.1.1",
      "resolved": "https://registry.npmjs.org/normalize-path/-/normalize-path-2.1.1.tgz",
      "integrity": "sha1-GrKLVW4Zg2Oowab35vogE3/mrtk=",
      "requires": {
        "remove-trailing-separator": "^1.0.1"
      }
    },
    "object.omit": {
      "version": "2.0.1",
      "resolved": "https://registry.npmjs.org/object.omit/-/object.omit-2.0.1.tgz",
      "integrity": "sha1-Gpx0SCnznbuFjHbKNXmuKlTr0fo=",
      "requires": {
        "for-own": "^0.1.4",
        "is-extendable": "^0.1.1"
      }
    },
    "parse-glob": {
      "version": "3.0.4",
      "resolved": "https://registry.npmjs.org/parse-glob/-/parse-glob-3.0.4.tgz",
      "integrity": "sha1-ssN2z7EfNVE7rdFz7wu246OIORw=",
      "requires": {
        "glob-base": "^0.3.0",
        "is-dotfile": "^1.0.0",
        "is-extglob": "^1.0.0",
        "is-glob": "^2.0.0"
      }
    },
    "path-parse": {
      "version": "1.0.6",
      "resolved": "https://registry.npmjs.org/path-parse/-/path-parse-1.0.6.tgz",
      "integrity": "sha512-GSmOT2EbHrINBf9SR7CDELwlJ8AENk3Qn7OikK4nFYAu3Ote2+JYNVvkpAEQm3/TLNEJFD/xZJjzyxg3KBWOzw=="
    },
    "preserve": {
      "version": "0.2.0",
      "resolved": "https://registry.npmjs.org/preserve/-/preserve-0.2.0.tgz",
      "integrity": "sha1-gV7R9uvGWSb4ZbMQwHE7yzMVzks="
    },
    "randomatic": {
      "version": "3.1.1",
      "resolved": "https://registry.npmjs.org/randomatic/-/randomatic-3.1.1.tgz",
      "integrity": "sha512-TuDE5KxZ0J461RVjrJZCJc+J+zCkTb1MbH9AQUq68sMhOMcy9jLcb3BrZKgp9q9Ncltdg4QVqWrH02W2EFFVYw==",
      "requires": {
        "is-number": "^4.0.0",
        "kind-of": "^6.0.0",
        "math-random": "^1.0.1"
      },
      "dependencies": {
        "is-number": {
          "version": "4.0.0",
          "resolved": "https://registry.npmjs.org/is-number/-/is-number-4.0.0.tgz",
          "integrity": "sha512-rSklcAIlf1OmFdyAqbnWTLVelsQ58uvZ66S/ZyawjWqIviTWCjg2PzVGw8WUA+nNuPTqb4wgA+NszrJ+08LlgQ=="
        },
        "kind-of": {
          "version": "6.0.2",
          "resolved": "https://registry.npmjs.org/kind-of/-/kind-of-6.0.2.tgz",
          "integrity": "sha512-s5kLOcnH0XqDO+FvuaLX8DDjZ18CGFk7VygH40QoKPUQhW4e2rvM0rwUq0t8IQDOwYSeLK01U90OjzBTme2QqA=="
        }
      }
    },
    "regenerator-runtime": {
      "version": "0.12.1",
      "resolved": "https://registry.npmjs.org/regenerator-runtime/-/regenerator-runtime-0.12.1.tgz",
      "integrity": "sha512-odxIc1/vDlo4iZcfXqRYFj0vpXFNoGdKMAUieAlFYO6m/nl5e9KR/beGf41z4a1FI+aQgtjhuaSlDxQ0hmkrHg=="
    },
    "regex-cache": {
      "version": "0.4.4",
      "resolved": "https://registry.npmjs.org/regex-cache/-/regex-cache-0.4.4.tgz",
      "integrity": "sha512-nVIZwtCjkC9YgvWkpM55B5rBhBYRZhAaJbgcFYXXsHnbZ9UZI9nnVWYZpBlCqv9ho2eZryPnWrZGsOdPwVWXWQ==",
      "requires": {
        "is-equal-shallow": "^0.1.3"
      }
    },
    "remove-trailing-separator": {
      "version": "1.1.0",
      "resolved": "https://registry.npmjs.org/remove-trailing-separator/-/remove-trailing-separator-1.1.0.tgz",
      "integrity": "sha1-wkvOKig62tW8P1jg1IJJuSN52O8="
    },
    "repeat-element": {
      "version": "1.1.3",
      "resolved": "https://registry.npmjs.org/repeat-element/-/repeat-element-1.1.3.tgz",
      "integrity": "sha512-ahGq0ZnV5m5XtZLMb+vP76kcAM5nkLqk0lpqAuojSKGgQtn4eRi4ZZGm2olo2zKFH+sMsWaqOCW1dqAnOru72g=="
    },
    "repeat-string": {
      "version": "1.6.1",
      "resolved": "https://registry.npmjs.org/repeat-string/-/repeat-string-1.6.1.tgz",
      "integrity": "sha1-jcrkcOHIirwtYA//Sndihtp15jc="
    },
    "resolve": {
      "version": "1.8.1",
      "resolved": "https://registry.npmjs.org/resolve/-/resolve-1.8.1.tgz",
      "integrity": "sha512-AicPrAC7Qu1JxPCZ9ZgCZlY35QgFnNqc+0LtbRNxnVw4TXvjQ72wnuL9JQcEBgXkI9JM8MsT9kaQoHcpCRJOYA==",
      "requires": {
        "path-parse": "^1.0.5"
      }
    },
    "rollup": {
      "version": "0.67.3",
      "resolved": "https://registry.npmjs.org/rollup/-/rollup-0.67.3.tgz",
      "integrity": "sha512-TyNQCz97rKuVVbsKUTXfwIjV7UljWyTVd7cTMuE+aqlQ7WJslkYF5QaYGjMLR2BlQtUOO5CAxSVnpQ55iYp5jg==",
      "requires": {
        "@types/estree": "0.0.39",
        "@types/node": "*"
      }
    },
    "rollup-plugin-commonjs": {
      "version": "9.2.0",
      "resolved": "https://registry.npmjs.org/rollup-plugin-commonjs/-/rollup-plugin-commonjs-9.2.0.tgz",
      "integrity": "sha512-0RM5U4Vd6iHjL6rLvr3lKBwnPsaVml+qxOGaaNUWN1lSq6S33KhITOfHmvxV3z2vy9Mk4t0g4rNlVaJJsNQPWA==",
      "requires": {
        "estree-walker": "^0.5.2",
        "magic-string": "^0.25.1",
        "resolve": "^1.8.1",
        "rollup-pluginutils": "^2.3.3"
      }
    },
    "rollup-plugin-node-resolve": {
      "version": "3.4.0",
      "resolved": "https://registry.npmjs.org/rollup-plugin-node-resolve/-/rollup-plugin-node-resolve-3.4.0.tgz",
      "integrity": "sha512-PJcd85dxfSBWih84ozRtBkB731OjXk0KnzN0oGp7WOWcarAFkVa71cV5hTJg2qpVsV2U8EUwrzHP3tvy9vS3qg==",
      "requires": {
        "builtin-modules": "^2.0.0",
        "is-module": "^1.0.0",
        "resolve": "^1.1.6"
      }
    },
    "rollup-pluginutils": {
      "version": "2.3.3",
      "resolved": "https://registry.npmjs.org/rollup-pluginutils/-/rollup-pluginutils-2.3.3.tgz",
      "integrity": "sha512-2XZwja7b6P5q4RZ5FhyX1+f46xi1Z3qBKigLRZ6VTZjwbN0K1IFGMlwm06Uu0Emcre2Z63l77nq/pzn+KxIEoA==",
      "requires": {
        "estree-walker": "^0.5.2",
        "micromatch": "^2.3.11"
      }
    },
    "sourcemap-codec": {
      "version": "1.4.4",
      "resolved": "https://registry.npmjs.org/sourcemap-codec/-/sourcemap-codec-1.4.4.tgz",
      "integrity": "sha512-CYAPYdBu34781kLHkaW3m6b/uUSyMOC2R61gcYMWooeuaGtjof86ZA/8T+qVPPt7np1085CR9hmMGrySwEc8Xg=="
    },
    "standardized-audio-context": {
      "version": "17.0.5",
      "resolved": "https://registry.npmjs.org/standardized-audio-context/-/standardized-audio-context-17.0.5.tgz",
      "integrity": "sha512-zPmkrWl5y7nkNSRtBeqOvs4Dvgrsabz2tTSXdIYngsZEPSnkXpYWpWlWiCidVmMCa5lisAalQ7OlIs//On7deQ==",
      "requires": {
        "@babel/runtime": "^7.1.5",
        "async-array-buffer": "^3.0.5",
        "tslib": "^1.9.3"
      }
    },
    "three": {
      "version": "0.98.0",
      "resolved": "https://registry.npmjs.org/three/-/three-0.98.0.tgz",
      "integrity": "sha512-fihjYVjCmQbI03zt1+YCl/m+UrZCcDHFNLexgqBOIdPwnO6PYkQaYUsIbqtvNNse+BiMeu+pQWzZn9/NSnIv6A=="
    },
    "tslib": {
      "version": "1.9.3",
      "resolved": "https://registry.npmjs.org/tslib/-/tslib-1.9.3.tgz",
      "integrity": "sha512-4krF8scpejhaOgqzBEcGM7yDIEfi0/8+8zDRZhNZZ2kjmHJ4hv3zCbQWxoJGz1iw5U0Jl0nma13xzHXcncMavQ=="
    },
    "web-audio-beat-detector": {
      "version": "7.0.8",
      "resolved": "https://registry.npmjs.org/web-audio-beat-detector/-/web-audio-beat-detector-7.0.8.tgz",
      "integrity": "sha512-fr7QXajuOODTPzH67z+QEjWcsHGhSAUlfz86+teLkbIL6Kzb2ns33WnqN+dlc+sLgVlvVkbPDtXRFvQIVPsJ6Q==",
      "requires": {
        "@babel/runtime": "^7.1.5",
        "tslib": "^1.9.3",
        "web-audio-beat-detector-broker": "^3.0.7",
        "web-audio-beat-detector-worker": "^4.0.1"
      }
    },
    "web-audio-beat-detector-broker": {
      "version": "3.0.7",
      "resolved": "https://registry.npmjs.org/web-audio-beat-detector-broker/-/web-audio-beat-detector-broker-3.0.7.tgz",
      "integrity": "sha512-GE7H8ktDghYSiGEAGxnT9vubNzUNlqkZkGpOXhsNdhD6k46gkBedmrVX9XmIo8Uo8IitKusDITSih/YAV87nSg==",
      "requires": {
        "@babel/runtime": "^7.1.5",
        "fast-unique-numbers": "^3.0.1",
        "standardized-audio-context": "^17.0.5",
        "tslib": "^1.9.3",
        "web-audio-beat-detector-worker": "^4.0.1"
      }
    },
    "web-audio-beat-detector-worker": {
      "version": "4.0.1",
      "resolved": "https://registry.npmjs.org/web-audio-beat-detector-worker/-/web-audio-beat-detector-worker-4.0.1.tgz",
      "integrity": "sha512-W12ZNbQtKRoQEdtXImf+BAW9t3uenIfkScxxJ3NimaczYGU4rPY2cK5xNtQUuZFsBO2Ydgtu2syG+mEoDpHvcA==",
      "requires": {
        "@babel/runtime": "^7.1.5",
        "tslib": "^1.9.3"
      }
    },
    "worker-factory": {
      "version": "4.1.3",
      "resolved": "https://registry.npmjs.org/worker-factory/-/worker-factory-4.1.3.tgz",
      "integrity": "sha512-vJInvYDPyn5wsHx8fgA4h+t8GeM9WRtxxliGHtjMi0f1ag3tk2KTd/+eihuqPk6l1cREkDNrDh+HGbBJUefD1A==",
      "requires": {
        "@babel/runtime": "^7.1.5",
        "compilerr": "^6.0.3",
        "fast-unique-numbers": "^3.0.1",
        "tslib": "^1.9.3"
      }
    }
  }
}
